
Microsoft Visual Studio Solution File, Format Version 12.00
# Visual Studio Version 16
VisualStudioVersion = 16.0.28803.156
MinimumVisualStudioVersion = 10.0.40219.1
Project("{8BC9CEB8-8B4A-11D0-8D11-00A0C91BC942}") = "CreateBinaryTree", "CreateBinaryTree\CreateBinaryTree.vcxproj", "{ACA9F031-7B8F-4FE1-A1F3-06C7B26ADDF1}"
EndProject
Project("{8BC9CEB8-8B4A-11D0-8D11-00A0C91BC942}") = "BinaryTreeTravesal", "BinaryTreeTravesal\BinaryTreeTravesal.vcxproj", "{8E89ECAC-BD57-4B95-A392-5A56EC6E0977}"
EndProject
Global
	GlobalSection(SolutionConfigurationPlatforms) = preSolution
		Debug|x64 = Debug|x64
		Debug|x86 = Debug|x86
		Release|x64 = Release|x64
		Release|x86 = Release|x86
	EndGlobalSection
	GlobalSection(ProjectConfigurationPlatforms) = postSolution
		{ACA9F031-7B8F-4FE1-A1F3-06C7B26ADDF1}.Debug|x64.ActiveCfg = Debug|x64
		{ACA9F031-7B8F-4FE1-A1F3-06C7B26ADDF1}.Debug|x64.Build.0 = Debug|x64
		{ACA9F031-7B8F-4FE1-A1F3-06C7B26ADDF1}.Debug|x86.ActiveCfg = Debug|Win32
		{ACA9F031-7B8F-4FE1-A1F3-06C7B26ADDF1}.Debug|x86.Build.0 = Debug|Win32
		{ACA9F031-7B8F-4FE1-A1F3-06C7B26ADDF1}.Release|x64.ActiveCfg = Release|x64
		{ACA9F031-7B8F-4FE1-A1F3-06C7B26ADDF1}.Release|x64.Build.0 = Release|x64
		{ACA9F031-7B8F-4FE1-A1F3-06C7B26ADDF1}.Release|x86.ActiveCfg = Release|Win32
		{ACA9F031-7B8F-4FE1-A1F3-06C7B26ADDF1}.Release|x86.Build.0 = Release|Win32
		{8E89ECAC-BD57-4B95-A392-5A56EC6E0977}.Debug|x64.ActiveCfg = Debug|x64
		{8E89ECAC-BD57-4B95-A392-5A56EC6E0977}.Debug|x64.Build.0 = Debug|x64
		{8E89ECAC-BD57-4B95-A392-5A56EC6E0977}.Debug|x86.ActiveCfg = Debug|Win32
		{8E89ECAC-BD57-4B95-A392-5A56EC6E0977}.Debug|x86.Build.0 = Debug|Win32
		{8E89ECAC-BD57-4B95-A392-5A56EC6E0977}.Release|x64.ActiveCfg = Release|x64
		{8E89ECAC-BD57-4B95-A392-5A56EC6E0977}.Release|x64.Build.0 = Release|x64
		{8E89ECAC-BD57-4B95-A392-5A56EC6E0977}.Release|x86.ActiveCfg = Release|Win32
		{8E89ECAC-BD57-4B95-A392-5A56EC6E0977}.Release|x86.Build.0 = Release|Win32
	EndGlobalSection
	GlobalSection(SolutionProperties) = preSolution
		HideSolutionNode = FALSE
	EndGlobalSection
	GlobalSection(ExtensibilityGlobals) = postSolution
		SolutionGuid = {419ACFDD-A2B9-4EEB-BD18-531CBA519EB1}
	EndGlobalSection
EndGlobal
